
Microsoft Visual Studio Solution File, Format Version 12.00
# Visual Studio Version 17
VisualStudioVersion = 17.12.35707.178
MinimumVisualStudioVersion = 10.0.40219.1
Project("{FAE04EC0-301F-11D3-BF4B-00C04F79EFBC}") = "requestAPI", "requestpAPI\requestAPI.csproj", "{64ECE1F7-67AD-4512-BF63-51D021C4542A}"
EndProject
Global
	GlobalSection(SolutionConfigurationPlatforms) = preSolution
		Debug|Any CPU = Debug|Any CPU
		Release|Any CPU = Release|Any CPU
	EndGlobalSection
	GlobalSection(ProjectConfigurationPlatforms) = postSolution
		{64ECE1F7-67AD-4512-BF63-51D021C4542A}.Debug|Any CPU.ActiveCfg = Debug|Any CPU
		{64ECE1F7-67AD-4512-BF63-51D021C4542A}.Debug|Any CPU.Build.0 = Debug|Any CPU
		{64ECE1F7-67AD-4512-BF63-51D021C4542A}.Release|Any CPU.ActiveCfg = Release|Any CPU
		{64ECE1F7-67AD-4512-BF63-51D021C4542A}.Release|Any CPU.Build.0 = Release|Any CPU
	EndGlobalSection
	GlobalSection(SolutionProperties) = preSolution
		HideSolutionNode = FALSE
	EndGlobalSection
EndGlobal
